
Microsoft Visual Studio Solution File, Format Version 12.00
# Visual Studio Version 17
VisualStudioVersion = 17.2.32630.192
MinimumVisualStudioVersion = 10.0.40219.1
Project("{9A19103F-16F7-4668-BE54-9A1E7A4F7556}") = "Katty.Tools", "Katty.Tools.csproj", "{28B811A8-FCF2-4DBE-AD85-1D5CD0D27C85}"
EndProject
Project("{9A19103F-16F7-4668-BE54-9A1E7A4F7556}") = "Katty.Tools.Tests", "..\ProjectTests\Katty.Tools.Tests.csproj", "{A4BBFC8A-85B6-4B08-941E-291F599FAD14}"
EndProject
Global
	GlobalSection(SolutionConfigurationPlatforms) = preSolution
		Debug|Any CPU = Debug|Any CPU
		Release|Any CPU = Release|Any CPU
	EndGlobalSection
	GlobalSection(ProjectConfigurationPlatforms) = postSolution
		{28B811A8-FCF2-4DBE-AD85-1D5CD0D27C85}.Debug|Any CPU.ActiveCfg = Debug|Any CPU
		{28B811A8-FCF2-4DBE-AD85-1D5CD0D27C85}.Debug|Any CPU.Build.0 = Debug|Any CPU
		{28B811A8-FCF2-4DBE-AD85-1D5CD0D27C85}.Release|Any CPU.ActiveCfg = Release|Any CPU
		{28B811A8-FCF2-4DBE-AD85-1D5CD0D27C85}.Release|Any CPU.Build.0 = Release|Any CPU
		{A4BBFC8A-85B6-4B08-941E-291F599FAD14}.Debug|Any CPU.ActiveCfg = Debug|Any CPU
		{A4BBFC8A-85B6-4B08-941E-291F599FAD14}.Debug|Any CPU.Build.0 = Debug|Any CPU
		{A4BBFC8A-85B6-4B08-941E-291F599FAD14}.Release|Any CPU.ActiveCfg = Release|Any CPU
		{A4BBFC8A-85B6-4B08-941E-291F599FAD14}.Release|Any CPU.Build.0 = Release|Any CPU
	EndGlobalSection
	GlobalSection(SolutionProperties) = preSolution
		HideSolutionNode = FALSE
	EndGlobalSection
	GlobalSection(ExtensibilityGlobals) = postSolution
		SolutionGuid = {3118E1DA-A45D-4B4A-81FE-5F9DF973CD1E}
	EndGlobalSection
EndGlobal
